
Microsoft Visual Studio Solution File, Format Version 12.00
# Visual Studio Version 17
VisualStudioVersion = 17.0.31903.59
MinimumVisualStudioVersion = 10.0.40219.1
Project("{FAE04EC0-301F-11D3-BF4B-00C04F79EFBC}") = "FrenchPayroll.Core", "FrenchPayroll.Core\FrenchPayroll.Core.csproj", "{09806F7A-5F37-4386-B77F-A745F1682DDE}"
EndProject
Project("{FAE04EC0-301F-11D3-BF4B-00C04F79EFBC}") = "FrenchPayroll.Api", "FrenchPayroll.Api\FrenchPayroll.Api.csproj", "{B9D1D104-69AE-4099-9F7B-7639D5A8762D}"
EndProject
Project("{FAE04EC0-301F-11D3-BF4B-00C04F79EFBC}") = "FrenchPayroll.Web", "FrenchPayroll.Web\FrenchPayroll.Web.csproj", "{C2ED9EBF-1B6A-44AD-8E4A-4ECBF649508C}"
EndProject
Project("{FAE04EC0-301F-11D3-BF4B-00C04F79EFBC}") = "FrenchPayroll.Export", "FrenchPayroll.Export\FrenchPayroll.Export.csproj", "{A1E2F3D4-5B6C-7D8E-9F0A-1B2C3D4E5F6A}"
EndProject
Global
	GlobalSection(SolutionConfigurationPlatforms) = preSolution
		Debug|Any CPU = Debug|Any CPU
		Release|Any CPU = Release|Any CPU
	EndGlobalSection
	GlobalSection(SolutionProperties) = preSolution
		HideSolutionNode = FALSE
	EndGlobalSection
	GlobalSection(ProjectConfigurationPlatforms) = postSolution
		{09806F7A-5F37-4386-B77F-A745F1682DDE}.Debug|Any CPU.ActiveCfg = Debug|Any CPU
		{09806F7A-5F37-4386-B77F-A745F1682DDE}.Debug|Any CPU.Build.0 = Debug|Any CPU
		{09806F7A-5F37-4386-B77F-A745F1682DDE}.Release|Any CPU.ActiveCfg = Release|Any CPU
		{09806F7A-5F37-4386-B77F-A745F1682DDE}.Release|Any CPU.Build.0 = Release|Any CPU
		{B9D1D104-69AE-4099-9F7B-7639D5A8762D}.Debug|Any CPU.ActiveCfg = Debug|Any CPU
		{B9D1D104-69AE-4099-9F7B-7639D5A8762D}.Debug|Any CPU.Build.0 = Debug|Any CPU
		{B9D1D104-69AE-4099-9F7B-7639D5A8762D}.Release|Any CPU.ActiveCfg = Release|Any CPU
		{B9D1D104-69AE-4099-9F7B-7639D5A8762D}.Release|Any CPU.Build.0 = Release|Any CPU
		{C2ED9EBF-1B6A-44AD-8E4A-4ECBF649508C}.Debug|Any CPU.ActiveCfg = Debug|Any CPU
		{C2ED9EBF-1B6A-44AD-8E4A-4ECBF649508C}.Debug|Any CPU.Build.0 = Debug|Any CPU
		{C2ED9EBF-1B6A-44AD-8E4A-4ECBF649508C}.Release|Any CPU.ActiveCfg = Release|Any CPU
		{C2ED9EBF-1B6A-44AD-8E4A-4ECBF649508C}.Release|Any CPU.Build.0 = Release|Any CPU
		{A1E2F3D4-5B6C-7D8E-9F0A-1B2C3D4E5F6A}.Debug|Any CPU.ActiveCfg = Debug|Any CPU
		{A1E2F3D4-5B6C-7D8E-9F0A-1B2C3D4E5F6A}.Debug|Any CPU.Build.0 = Debug|Any CPU
		{A1E2F3D4-5B6C-7D8E-9F0A-1B2C3D4E5F6A}.Release|Any CPU.ActiveCfg = Release|Any CPU
		{A1E2F3D4-5B6C-7D8E-9F0A-1B2C3D4E5F6A}.Release|Any CPU.Build.0 = Release|Any CPU
	EndGlobalSection
EndGlobal
